
Microsoft Visual Studio Solution File, Format Version 12.00
# Visual Studio 15
VisualStudioVersion = 15.0.27130.2010
MinimumVisualStudioVersion = 10.0.40219.1
Project("{FAE04EC0-301F-11D3-BF4B-00C04F79EFBC}") = "Xamarin.Forms.Platform.WinForms", "Xamarin.Forms.Platform.WinForms\Xamarin.Forms.Platform.WinForms.csproj", "{563D7C2E-14E2-47EC-95E4-4EA0BBA75C18}"
EndProject
Project("{FAE04EC0-301F-11D3-BF4B-00C04F79EFBC}") = "Xamarin.Forms.ControlGallery.WinForms", "Xamarin.Forms.ControlGallery.WinForms\Xamarin.Forms.ControlGallery.WinForms.csproj", "{63390A59-21A4-42AC-B3E0-18B65DDDD87A}"
EndProject
Project("{FAE04EC0-301F-11D3-BF4B-00C04F79EFBC}") = "SkiaSharp.Views.Forms.WinForms", "SkiaSharp.Views.Forms.WinForms\SkiaSharp.Views.Forms.WinForms.csproj", "{DC2D61AA-3749-485B-A6BB-343E738211A8}"
EndProject
Global
	GlobalSection(SolutionConfigurationPlatforms) = preSolution
		Debug|Any CPU = Debug|Any CPU
		Release|Any CPU = Release|Any CPU
	EndGlobalSection
	GlobalSection(ProjectConfigurationPlatforms) = postSolution
		{563D7C2E-14E2-47EC-95E4-4EA0BBA75C18}.Debug|Any CPU.ActiveCfg = Debug|Any CPU
		{563D7C2E-14E2-47EC-95E4-4EA0BBA75C18}.Debug|Any CPU.Build.0 = Debug|Any CPU
		{563D7C2E-14E2-47EC-95E4-4EA0BBA75C18}.Release|Any CPU.ActiveCfg = Release|Any CPU
		{563D7C2E-14E2-47EC-95E4-4EA0BBA75C18}.Release|Any CPU.Build.0 = Release|Any CPU
		{63390A59-21A4-42AC-B3E0-18B65DDDD87A}.Debug|Any CPU.ActiveCfg = Debug|Any CPU
		{63390A59-21A4-42AC-B3E0-18B65DDDD87A}.Debug|Any CPU.Build.0 = Debug|Any CPU
		{63390A59-21A4-42AC-B3E0-18B65DDDD87A}.Release|Any CPU.ActiveCfg = Release|Any CPU
		{63390A59-21A4-42AC-B3E0-18B65DDDD87A}.Release|Any CPU.Build.0 = Release|Any CPU
		{DC2D61AA-3749-485B-A6BB-343E738211A8}.Debug|Any CPU.ActiveCfg = Debug|Any CPU
		{DC2D61AA-3749-485B-A6BB-343E738211A8}.Debug|Any CPU.Build.0 = Debug|Any CPU
		{DC2D61AA-3749-485B-A6BB-343E738211A8}.Release|Any CPU.ActiveCfg = Release|Any CPU
		{DC2D61AA-3749-485B-A6BB-343E738211A8}.Release|Any CPU.Build.0 = Release|Any CPU
	EndGlobalSection
	GlobalSection(SolutionProperties) = preSolution
		HideSolutionNode = FALSE
	EndGlobalSection
	GlobalSection(ExtensibilityGlobals) = postSolution
		SolutionGuid = {E3CCA848-AD6D-4679-9B85-F01E11D83F10}
	EndGlobalSection
EndGlobal
